
Microsoft Visual Studio Solution File, Format Version 12.00
# Visual Studio Version 17
VisualStudioVersion = 17.14.37314.3
MinimumVisualStudioVersion = 10.0.40219.1
Project("{FAE04EC0-301F-11D3-BF4B-00C04F79EFBC}") = "StudyPlanner", "StudyPlanner\StudyPlanner.csproj", "{D824B48E-F5B5-47FC-9821-719F389589DB}"
EndProject
Project("{FAE04EC0-301F-11D3-BF4B-00C04F79EFBC}") = "StudyPlanner.Tests", "StudyPlanner.Tests\StudyPlanner.Tests.csproj", "{D8EBC415-D335-4EDF-BDB1-7476F2E63B2F}"
EndProject
Global
	GlobalSection(SolutionConfigurationPlatforms) = preSolution
		Debug|Any CPU = Debug|Any CPU
		Debug|x64 = Debug|x64
		Debug|x86 = Debug|x86
		Release|Any CPU = Release|Any CPU
		Release|x64 = Release|x64
		Release|x86 = Release|x86
	EndGlobalSection
	GlobalSection(ProjectConfigurationPlatforms) = postSolution
		{D824B48E-F5B5-47FC-9821-719F389589DB}.Debug|Any CPU.ActiveCfg = Debug|Any CPU
		{D824B48E-F5B5-47FC-9821-719F389589DB}.Debug|Any CPU.Build.0 = Debug|Any CPU
		{D824B48E-F5B5-47FC-9821-719F389589DB}.Debug|x64.ActiveCfg = Debug|Any CPU
		{D824B48E-F5B5-47FC-9821-719F389589DB}.Debug|x64.Build.0 = Debug|Any CPU
		{D824B48E-F5B5-47FC-9821-719F389589DB}.Debug|x86.ActiveCfg = Debug|Any CPU
		{D824B48E-F5B5-47FC-9821-719F389589DB}.Debug|x86.Build.0 = Debug|Any CPU
		{D824B48E-F5B5-47FC-9821-719F389589DB}.Release|Any CPU.ActiveCfg = Release|Any CPU
		{D824B48E-F5B5-47FC-9821-719F389589DB}.Release|Any CPU.Build.0 = Release|Any CPU
		{D824B48E-F5B5-47FC-9821-719F389589DB}.Release|x64.ActiveCfg = Release|Any CPU
		{D824B48E-F5B5-47FC-9821-719F389589DB}.Release|x64.Build.0 = Release|Any CPU
		{D824B48E-F5B5-47FC-9821-719F389589DB}.Release|x86.ActiveCfg = Release|Any CPU
		{D824B48E-F5B5-47FC-9821-719F389589DB}.Release|x86.Build.0 = Release|Any CPU
		{D8EBC415-D335-4EDF-BDB1-7476F2E63B2F}.Debug|Any CPU.ActiveCfg = Debug|Any CPU
		{D8EBC415-D335-4EDF-BDB1-7476F2E63B2F}.Debug|Any CPU.Build.0 = Debug|Any CPU
		{D8EBC415-D335-4EDF-BDB1-7476F2E63B2F}.Debug|x64.ActiveCfg = Debug|Any CPU
		{D8EBC415-D335-4EDF-BDB1-7476F2E63B2F}.Debug|x64.Build.0 = Debug|Any CPU
		{D8EBC415-D335-4EDF-BDB1-7476F2E63B2F}.Debug|x86.ActiveCfg = Debug|Any CPU
		{D8EBC415-D335-4EDF-BDB1-7476F2E63B2F}.Debug|x86.Build.0 = Debug|Any CPU
		{D8EBC415-D335-4EDF-BDB1-7476F2E63B2F}.Release|Any CPU.ActiveCfg = Release|Any CPU
		{D8EBC415-D335-4EDF-BDB1-7476F2E63B2F}.Release|Any CPU.Build.0 = Release|Any CPU
		{D8EBC415-D335-4EDF-BDB1-7476F2E63B2F}.Release|x64.ActiveCfg = Release|Any CPU
		{D8EBC415-D335-4EDF-BDB1-7476F2E63B2F}.Release|x64.Build.0 = Release|Any CPU
		{D8EBC415-D335-4EDF-BDB1-7476F2E63B2F}.Release|x86.ActiveCfg = Release|Any CPU
		{D8EBC415-D335-4EDF-BDB1-7476F2E63B2F}.Release|x86.Build.0 = Release|Any CPU
	EndGlobalSection
	GlobalSection(SolutionProperties) = preSolution
		HideSolutionNode = FALSE
	EndGlobalSection
	GlobalSection(ExtensibilityGlobals) = postSolution
		SolutionGuid = {CAA8A844-0429-45CA-B331-27E258EE24D6}
	EndGlobalSection
EndGlobal
